
Microsoft Visual Studio Solution File, Format Version 12.00
# Visual Studio Version 17
VisualStudioVersion = 17.5.33502.453
MinimumVisualStudioVersion = 10.0.40219.1
Project("{FAE04EC0-301F-11D3-BF4B-00C04F79EFBC}") = "StaffMember.Benchmark.AutomationTest", "StaffMember.Benchmark.AutomationTest.csproj", "{760FB056-6ECB-40C7-B34E-14016F4BA502}"
EndProject
Global
	GlobalSection(SolutionConfigurationPlatforms) = preSolution
		Debug|Any CPU = Debug|Any CPU
		Release|Any CPU = Release|Any CPU
	EndGlobalSection
	GlobalSection(ProjectConfigurationPlatforms) = postSolution
		{760FB056-6ECB-40C7-B34E-14016F4BA502}.Debug|Any CPU.ActiveCfg = Debug|Any CPU
		{760FB056-6ECB-40C7-B34E-14016F4BA502}.Debug|Any CPU.Build.0 = Debug|Any CPU
		{760FB056-6ECB-40C7-B34E-14016F4BA502}.Release|Any CPU.ActiveCfg = Release|Any CPU
		{760FB056-6ECB-40C7-B34E-14016F4BA502}.Release|Any CPU.Build.0 = Release|Any CPU
	EndGlobalSection
	GlobalSection(SolutionProperties) = preSolution
		HideSolutionNode = FALSE
	EndGlobalSection
	GlobalSection(ExtensibilityGlobals) = postSolution
		SolutionGuid = {8A9890A6-86E4-4AD2-BA1E-6B2495770E59}
	EndGlobalSection
EndGlobal
